
Microsoft Visual Studio Solution File, Format Version 12.00
# Visual Studio Version 16
VisualStudioVersion = 16.0.29613.14
MinimumVisualStudioVersion = 10.0.40219.1
Project("{FAE04EC0-301F-11D3-BF4B-00C04F79EFBC}") = "A chain of restaurants Sau0rin APP", "A chain of restaurants Sau0rin APP.csproj", "{A293D629-B891-4C45-AA25-F3316A33A7B5}"
EndProject
Global
	GlobalSection(SolutionConfigurationPlatforms) = preSolution
		Debug|Any CPU = Debug|Any CPU
		Release|Any CPU = Release|Any CPU
	EndGlobalSection
	GlobalSection(ProjectConfigurationPlatforms) = postSolution
		{A293D629-B891-4C45-AA25-F3316A33A7B5}.Debug|Any CPU.ActiveCfg = Debug|Any CPU
		{A293D629-B891-4C45-AA25-F3316A33A7B5}.Debug|Any CPU.Build.0 = Debug|Any CPU
		{A293D629-B891-4C45-AA25-F3316A33A7B5}.Release|Any CPU.ActiveCfg = Release|Any CPU
		{A293D629-B891-4C45-AA25-F3316A33A7B5}.Release|Any CPU.Build.0 = Release|Any CPU
	EndGlobalSection
	GlobalSection(SolutionProperties) = preSolution
		HideSolutionNode = FALSE
	EndGlobalSection
	GlobalSection(ExtensibilityGlobals) = postSolution
		SolutionGuid = {46F4C536-4E4A-4A84-BBBC-F1EA629444D4}
	EndGlobalSection
EndGlobal
